
Microsoft Visual Studio Solution File, Format Version 12.00
# Visual Studio Version 16
VisualStudioVersion = 16.0.30413.136
MinimumVisualStudioVersion = 10.0.40219.1
Project("{FAE04EC0-301F-11D3-BF4B-00C04F79EFBC}") = "GettingStartedSample.UWP", "GettingStartedSample\GettingStartedSample.UWP\GettingStartedSample.UWP.csproj", "{D76459B7-17FE-4E37-848A-3A5861D1386F}"
EndProject
Project("{FAE04EC0-301F-11D3-BF4B-00C04F79EFBC}") = "GettingStartedSample.Android", "GettingStartedSample\GettingStartedSample.Android\GettingStartedSample.Android.csproj", "{15C5CB19-D540-4203-90EC-9DA18A1822EC}"
EndProject
Project("{FAE04EC0-301F-11D3-BF4B-00C04F79EFBC}") = "GettingStartedSample.iOS", "GettingStartedSample\GettingStartedSample.iOS\GettingStartedSample.iOS.csproj", "{FB369471-EC52-4CC8-A4FF-A340C009EB16}"
EndProject
Project("{FAE04EC0-301F-11D3-BF4B-00C04F79EFBC}") = "GettingStartedSample", "GettingStartedSample\GettingStartedSample\GettingStartedSample.csproj", "{2A88F2D4-995C-41B1-BE2D-54EB289B2A2D}"
EndProject
Global
	GlobalSection(SolutionConfigurationPlatforms) = preSolution
		Debug|Any CPU = Debug|Any CPU
		Debug|ARM = Debug|ARM
		Debug|iPhone = Debug|iPhone
		Debug|iPhoneSimulator = Debug|iPhoneSimulator
		Debug|x64 = Debug|x64
		Debug|x86 = Debug|x86
		Release|Any CPU = Release|Any CPU
		Release|ARM = Release|ARM
		Release|iPhone = Release|iPhone
		Release|iPhoneSimulator = Release|iPhoneSimulator
		Release|x64 = Release|x64
		Release|x86 = Release|x86
	EndGlobalSection
	GlobalSection(ProjectConfigurationPlatforms) = postSolution
		{D76459B7-17FE-4E37-848A-3A5861D1386F}.Debug|Any CPU.ActiveCfg = Debug|x86
		{D76459B7-17FE-4E37-848A-3A5861D1386F}.Debug|Any CPU.Build.0 = Debug|x86
		{D76459B7-17FE-4E37-848A-3A5861D1386F}.Debug|Any CPU.Deploy.0 = Debug|x86
		{D76459B7-17FE-4E37-848A-3A5861D1386F}.Debug|ARM.ActiveCfg = Debug|ARM
		{D76459B7-17FE-4E37-848A-3A5861D1386F}.Debug|ARM.Build.0 = Debug|ARM
		{D76459B7-17FE-4E37-848A-3A5861D1386F}.Debug|ARM.Deploy.0 = Debug|ARM
		{D76459B7-17FE-4E37-848A-3A5861D1386F}.Debug|iPhone.ActiveCfg = Debug|x86
		{D76459B7-17FE-4E37-848A-3A5861D1386F}.Debug|iPhone.Build.0 = Debug|x86
		{D76459B7-17FE-4E37-848A-3A5861D1386F}.Debug|iPhone.Deploy.0 = Debug|x86
		{D76459B7-17FE-4E37-848A-3A5861D1386F}.Debug|iPhoneSimulator.ActiveCfg = Debug|x86
		{D76459B7-17FE-4E37-848A-3A5861D1386F}.Debug|iPhoneSimulator.Build.0 = Debug|x86
		{D76459B7-17FE-4E37-848A-3A5861D1386F}.Debug|iPhoneSimulator.Deploy.0 = Debug|x86
		{D76459B7-17FE-4E37-848A-3A5861D1386F}.Debug|x64.ActiveCfg = Debug|x64
		{D76459B7-17FE-4E37-848A-3A5861D1386F}.Debug|x64.Build.0 = Debug|x64
		{D76459B7-17FE-4E37-848A-3A5861D1386F}.Debug|x64.Deploy.0 = Debug|x64
		{D76459B7-17FE-4E37-848A-3A5861D1386F}.Debug|x86.ActiveCfg = Debug|x86
		{D76459B7-17FE-4E37-848A-3A5861D1386F}.Debug|x86.Build.0 = Debug|x86
		{D76459B7-17FE-4E37-848A-3A5861D1386F}.Debug|x86.Deploy.0 = Debug|x86
		{D76459B7-17FE-4E37-848A-3A5861D1386F}.Release|Any CPU.ActiveCfg = Release|x86
		{D76459B7-17FE-4E37-848A-3A5861D1386F}.Release|Any CPU.Build.0 = Release|x86
		{D76459B7-17FE-4E37-848A-3A5861D1386F}.Release|Any CPU.Deploy.0 = Release|x86
		{D76459B7-17FE-4E37-848A-3A5861D1386F}.Release|ARM.ActiveCfg = Release|ARM
		{D76459B7-17FE-4E37-848A-3A5861D1386F}.Release|ARM.Build.0 = Release|ARM
		{D76459B7-17FE-4E37-848A-3A5861D1386F}.Release|ARM.Deploy.0 = Release|ARM
		{D76459B7-17FE-4E37-848A-3A5861D1386F}.Release|iPhone.ActiveCfg = Release|x86
		{D76459B7-17FE-4E37-848A-3A5861D1386F}.Release|iPhone.Build.0 = Release|x86
		{D76459B7-17FE-4E37-848A-3A5861D1386F}.Release|iPhone.Deploy.0 = Release|x86
		{D76459B7-17FE-4E37-848A-3A5861D1386F}.Release|iPhoneSimulator.ActiveCfg = Release|x86
		{D76459B7-17FE-4E37-848A-3A5861D1386F}.Release|iPhoneSimulator.Build.0 = Release|x86
		{D76459B7-17FE-4E37-848A-3A5861D1386F}.Release|iPhoneSimulator.Deploy.0 = Release|x86
		{D76459B7-17FE-4E37-848A-3A5861D1386F}.Release|x64.ActiveCfg = Release|x64
		{D76459B7-17FE-4E37-848A-3A5861D1386F}.Release|x64.Build.0 = Release|x64
		{D76459B7-17FE-4E37-848A-3A5861D1386F}.Release|x64.Deploy.0 = Release|x64
		{D76459B7-17FE-4E37-848A-3A5861D1386F}.Release|x86.ActiveCfg = Release|x86
		{D76459B7-17FE-4E37-848A-3A5861D1386F}.Release|x86.Build.0 = Release|x86
		{D76459B7-17FE-4E37-848A-3A5861D1386F}.Release|x86.Deploy.0 = Release|x86
		{15C5CB19-D540-4203-90EC-9DA18A1822EC}.Debug|Any CPU.ActiveCfg = Debug|Any CPU
		{15C5CB19-D540-4203-90EC-9DA18A1822EC}.Debug|Any CPU.Build.0 = Debug|Any CPU
		{15C5CB19-D540-4203-90EC-9DA18A1822EC}.Debug|Any CPU.Deploy.0 = Debug|Any CPU
		{15C5CB19-D540-4203-90EC-9DA18A1822EC}.Debug|ARM.ActiveCfg = Debug|Any CPU
		{15C5CB19-D540-4203-90EC-9DA18A1822EC}.Debug|ARM.Build.0 = Debug|Any CPU
		{15C5CB19-D540-4203-90EC-9DA18A1822EC}.Debug|ARM.Deploy.0 = Debug|Any CPU
		{15C5CB19-D540-4203-90EC-9DA18A1822EC}.Debug|iPhone.ActiveCfg = Debug|Any CPU
		{15C5CB19-D540-4203-90EC-9DA18A1822EC}.Debug|iPhone.Build.0 = Debug|Any CPU
		{15C5CB19-D540-4203-90EC-9DA18A1822EC}.Debug|iPhone.Deploy.0 = Debug|Any CPU
		{15C5CB19-D540-4203-90EC-9DA18A1822EC}.Debug|iPhoneSimulator.ActiveCfg = Debug|Any CPU
		{15C5CB19-D540-4203-90EC-9DA18A1822EC}.Debug|iPhoneSimulator.Build.0 = Debug|Any CPU
		{15C5CB19-D540-4203-90EC-9DA18A1822EC}.Debug|iPhoneSimulator.Deploy.0 = Debug|Any CPU
		{15C5CB19-D540-4203-90EC-9DA18A1822EC}.Debug|x64.ActiveCfg = Debug|Any CPU
		{15C5CB19-D540-4203-90EC-9DA18A1822EC}.Debug|x64.Build.0 = Debug|Any CPU
		{15C5CB19-D540-4203-90EC-9DA18A1822EC}.Debug|x64.Deploy.0 = Debug|Any CPU
		{15C5CB19-D540-4203-90EC-9DA18A1822EC}.Debug|x86.ActiveCfg = Debug|Any CPU
		{15C5CB19-D540-4203-90EC-9DA18A1822EC}.Debug|x86.Build.0 = Debug|Any CPU
		{15C5CB19-D540-4203-90EC-9DA18A1822EC}.Debug|x86.Deploy.0 = Debug|Any CPU
		{15C5CB19-D540-4203-90EC-9DA18A1822EC}.Release|Any CPU.ActiveCfg = Release|Any CPU
		{15C5CB19-D540-4203-90EC-9DA18A1822EC}.Release|Any CPU.Build.0 = Release|Any CPU
		{15C5CB19-D540-4203-90EC-9DA18A1822EC}.Release|Any CPU.Deploy.0 = Release|Any CPU
		{15C5CB19-D540-4203-90EC-9DA18A1822EC}.Release|ARM.ActiveCfg = Release|Any CPU
		{15C5CB19-D540-4203-90EC-9DA18A1822EC}.Release|ARM.Build.0 = Release|Any CPU
		{15C5CB19-D540-4203-90EC-9DA18A1822EC}.Release|ARM.Deploy.0 = Release|Any CPU
		{15C5CB19-D540-4203-90EC-9DA18A1822EC}.Release|iPhone.ActiveCfg = Release|Any CPU
		{15C5CB19-D540-4203-90EC-9DA18A1822EC}.Release|iPhone.Build.0 = Release|Any CPU
		{15C5CB19-D540-4203-90EC-9DA18A1822EC}.Release|iPhone.Deploy.0 = Release|Any CPU
		{15C5CB19-D540-4203-90EC-9DA18A1822EC}.Release|iPhoneSimulator.ActiveCfg = Release|Any CPU
		{15C5CB19-D540-4203-90EC-9DA18A1822EC}.Release|iPhoneSimulator.Build.0 = Release|Any CPU
		{15C5CB19-D540-4203-90EC-9DA18A1822EC}.Release|iPhoneSimulator.Deploy.0 = Release|Any CPU
		{15C5CB19-D540-4203-90EC-9DA18A1822EC}.Release|x64.ActiveCfg = Release|Any CPU
		{15C5CB19-D540-4203-90EC-9DA18A1822EC}.Release|x64.Build.0 = Release|Any CPU
		{15C5CB19-D540-4203-90EC-9DA18A1822EC}.Release|x64.Deploy.0 = Release|Any CPU
		{15C5CB19-D540-4203-90EC-9DA18A1822EC}.Release|x86.ActiveCfg = Release|Any CPU
		{15C5CB19-D540-4203-90EC-9DA18A1822EC}.Release|x86.Build.0 = Release|Any CPU
		{15C5CB19-D540-4203-90EC-9DA18A1822EC}.Release|x86.Deploy.0 = Release|Any CPU
		{FB369471-EC52-4CC8-A4FF-A340C009EB16}.Debug|Any CPU.ActiveCfg = Debug|iPhone
		{FB369471-EC52-4CC8-A4FF-A340C009EB16}.Debug|Any CPU.Build.0 = Debug|iPhone
		{FB369471-EC52-4CC8-A4FF-A340C009EB16}.Debug|Any CPU.Deploy.0 = Debug|iPhone
		{FB369471-EC52-4CC8-A4FF-A340C009EB16}.Debug|ARM.ActiveCfg = Debug|iPhone
		{FB369471-EC52-4CC8-A4FF-A340C009EB16}.Debug|ARM.Build.0 = Debug|iPhone
		{FB369471-EC52-4CC8-A4FF-A340C009EB16}.Debug|ARM.Deploy.0 = Debug|iPhone
		{FB369471-EC52-4CC8-A4FF-A340C009EB16}.Debug|iPhone.ActiveCfg = Debug|iPhone
		{FB369471-EC52-4CC8-A4FF-A340C009EB16}.Debug|iPhone.Build.0 = Debug|iPhone
		{FB369471-EC52-4CC8-A4FF-A340C009EB16}.Debug|iPhone.Deploy.0 = Debug|iPhone
		{FB369471-EC52-4CC8-A4FF-A340C009EB16}.Debug|iPhoneSimulator.ActiveCfg = Debug|iPhoneSimulator
		{FB369471-EC52-4CC8-A4FF-A340C009EB16}.Debug|iPhoneSimulator.Build.0 = Debug|iPhoneSimulator
		{FB369471-EC52-4CC8-A4FF-A340C009EB16}.Debug|iPhoneSimulator.Deploy.0 = Debug|iPhoneSimulator
		{FB369471-EC52-4CC8-A4FF-A340C009EB16}.Debug|x64.ActiveCfg = Debug|iPhone
		{FB369471-EC52-4CC8-A4FF-A340C009EB16}.Debug|x64.Build.0 = Debug|iPhone
		{FB369471-EC52-4CC8-A4FF-A340C009EB16}.Debug|x64.Deploy.0 = Debug|iPhone
		{FB369471-EC52-4CC8-A4FF-A340C009EB16}.Debug|x86.ActiveCfg = Debug|iPhone
		{FB369471-EC52-4CC8-A4FF-A340C009EB16}.Debug|x86.Build.0 = Debug|iPhone
		{FB369471-EC52-4CC8-A4FF-A340C009EB16}.Debug|x86.Deploy.0 = Debug|iPhone
		{FB369471-EC52-4CC8-A4FF-A340C009EB16}.Release|Any CPU.ActiveCfg = Release|iPhone
		{FB369471-EC52-4CC8-A4FF-A340C009EB16}.Release|Any CPU.Build.0 = Release|iPhone
		{FB369471-EC52-4CC8-A4FF-A340C009EB16}.Release|Any CPU.Deploy.0 = Release|iPhone
		{FB369471-EC52-4CC8-A4FF-A340C009EB16}.Release|ARM.ActiveCfg = Release|iPhone
		{FB369471-EC52-4CC8-A4FF-A340C009EB16}.Release|ARM.Build.0 = Release|iPhone
		{FB369471-EC52-4CC8-A4FF-A340C009EB16}.Release|ARM.Deploy.0 = Release|iPhone
		{FB369471-EC52-4CC8-A4FF-A340C009EB16}.Release|iPhone.ActiveCfg = Release|iPhone
		{FB369471-EC52-4CC8-A4FF-A340C009EB16}.Release|iPhone.Build.0 = Release|iPhone
		{FB369471-EC52-4CC8-A4FF-A340C009EB16}.Release|iPhone.Deploy.0 = Release|iPhone
		{FB369471-EC52-4CC8-A4FF-A340C009EB16}.Release|iPhoneSimulator.ActiveCfg = Release|iPhoneSimulator
		{FB369471-EC52-4CC8-A4FF-A340C009EB16}.Release|iPhoneSimulator.Build.0 = Release|iPhoneSimulator
		{FB369471-EC52-4CC8-A4FF-A340C009EB16}.Release|iPhoneSimulator.Deploy.0 = Release|iPhoneSimulator
		{FB369471-EC52-4CC8-A4FF-A340C009EB16}.Release|x64.ActiveCfg = Release|iPhone
		{FB369471-EC52-4CC8-A4FF-A340C009EB16}.Release|x64.Build.0 = Release|iPhone
		{FB369471-EC52-4CC8-A4FF-A340C009EB16}.Release|x64.Deploy.0 = Release|iPhone
		{FB369471-EC52-4CC8-A4FF-A340C009EB16}.Release|x86.ActiveCfg = Release|iPhone
		{FB369471-EC52-4CC8-A4FF-A340C009EB16}.Release|x86.Build.0 = Release|iPhone
		{FB369471-EC52-4CC8-A4FF-A340C009EB16}.Release|x86.Deploy.0 = Release|iPhone
		{2A88F2D4-995C-41B1-BE2D-54EB289B2A2D}.Debug|Any CPU.ActiveCfg = Debug|Any CPU
		{2A88F2D4-995C-41B1-BE2D-54EB289B2A2D}.Debug|Any CPU.Build.0 = Debug|Any CPU
		{2A88F2D4-995C-41B1-BE2D-54EB289B2A2D}.Debug|Any CPU.Deploy.0 = Debug|Any CPU
		{2A88F2D4-995C-41B1-BE2D-54EB289B2A2D}.Debug|ARM.ActiveCfg = Debug|Any CPU
		{2A88F2D4-995C-41B1-BE2D-54EB289B2A2D}.Debug|ARM.Build.0 = Debug|Any CPU
		{2A88F2D4-995C-41B1-BE2D-54EB289B2A2D}.Debug|ARM.Deploy.0 = Debug|Any CPU
		{2A88F2D4-995C-41B1-BE2D-54EB289B2A2D}.Debug|iPhone.ActiveCfg = Debug|Any CPU
		{2A88F2D4-995C-41B1-BE2D-54EB289B2A2D}.Debug|iPhone.Build.0 = Debug|Any CPU
		{2A88F2D4-995C-41B1-BE2D-54EB289B2A2D}.Debug|iPhone.Deploy.0 = Debug|Any CPU
		{2A88F2D4-995C-41B1-BE2D-54EB289B2A2D}.Debug|iPhoneSimulator.ActiveCfg = Debug|Any CPU
		{2A88F2D4-995C-41B1-BE2D-54EB289B2A2D}.Debug|iPhoneSimulator.Build.0 = Debug|Any CPU
		{2A88F2D4-995C-41B1-BE2D-54EB289B2A2D}.Debug|iPhoneSimulator.Deploy.0 = Debug|Any CPU
		{2A88F2D4-995C-41B1-BE2D-54EB289B2A2D}.Debug|x64.ActiveCfg = Debug|Any CPU
		{2A88F2D4-995C-41B1-BE2D-54EB289B2A2D}.Debug|x64.Build.0 = Debug|Any CPU
		{2A88F2D4-995C-41B1-BE2D-54EB289B2A2D}.Debug|x64.Deploy.0 = Debug|Any CPU
		{2A88F2D4-995C-41B1-BE2D-54EB289B2A2D}.Debug|x86.ActiveCfg = Debug|Any CPU
		{2A88F2D4-995C-41B1-BE2D-54EB289B2A2D}.Debug|x86.Build.0 = Debug|Any CPU
		{2A88F2D4-995C-41B1-BE2D-54EB289B2A2D}.Debug|x86.Deploy.0 = Debug|Any CPU
		{2A88F2D4-995C-41B1-BE2D-54EB289B2A2D}.Release|Any CPU.ActiveCfg = Release|Any CPU
		{2A88F2D4-995C-41B1-BE2D-54EB289B2A2D}.Release|Any CPU.Build.0 = Release|Any CPU
		{2A88F2D4-995C-41B1-BE2D-54EB289B2A2D}.Release|Any CPU.Deploy.0 = Release|Any CPU
		{2A88F2D4-995C-41B1-BE2D-54EB289B2A2D}.Release|ARM.ActiveCfg = Release|Any CPU
		{2A88F2D4-995C-41B1-BE2D-54EB289B2A2D}.Release|ARM.Build.0 = Release|Any CPU
		{2A88F2D4-995C-41B1-BE2D-54EB289B2A2D}.Release|ARM.Deploy.0 = Release|Any CPU
		{2A88F2D4-995C-41B1-BE2D-54EB289B2A2D}.Release|iPhone.ActiveCfg = Release|Any CPU
		{2A88F2D4-995C-41B1-BE2D-54EB289B2A2D}.Release|iPhone.Build.0 = Release|Any CPU
		{2A88F2D4-995C-41B1-BE2D-54EB289B2A2D}.Release|iPhone.Deploy.0 = Release|Any CPU
		{2A88F2D4-995C-41B1-BE2D-54EB289B2A2D}.Release|iPhoneSimulator.ActiveCfg = Release|Any CPU
		{2A88F2D4-995C-41B1-BE2D-54EB289B2A2D}.Release|iPhoneSimulator.Build.0 = Release|Any CPU
		{2A88F2D4-995C-41B1-BE2D-54EB289B2A2D}.Release|iPhoneSimulator.Deploy.0 = Release|Any CPU
		{2A88F2D4-995C-41B1-BE2D-54EB289B2A2D}.Release|x64.ActiveCfg = Release|Any CPU
		{2A88F2D4-995C-41B1-BE2D-54EB289B2A2D}.Release|x64.Build.0 = Release|Any CPU
		{2A88F2D4-995C-41B1-BE2D-54EB289B2A2D}.Release|x64.Deploy.0 = Release|Any CPU
		{2A88F2D4-995C-41B1-BE2D-54EB289B2A2D}.Release|x86.ActiveCfg = Release|Any CPU
		{2A88F2D4-995C-41B1-BE2D-54EB289B2A2D}.Release|x86.Build.0 = Release|Any CPU
		{2A88F2D4-995C-41B1-BE2D-54EB289B2A2D}.Release|x86.Deploy.0 = Release|Any CPU
	EndGlobalSection
	GlobalSection(SolutionProperties) = preSolution
		HideSolutionNode = FALSE
	EndGlobalSection
	GlobalSection(ExtensibilityGlobals) = postSolution
		SolutionGuid = {43E9121B-BFF5-418C-8C8E-0F072EA3DFD4}
	EndGlobalSection
EndGlobal
